// !$*UTF8*$!
{
	archiveVersion = 1;
	classes = {
	};
	objectVersion = 50;
	objects = {

/* Begin PBXBuildFile section */
		1F176463225A4E0F0085818C /* AppDelegate.m in Sources */ = {isa = PBXBuildFile; fileRef = 1F176462225A4E0F0085818C /* AppDelegate.m */; };
		1F176466225A4E0F0085818C /* ViewController.m in Sources */ = {isa = PBXBuildFile; fileRef = 1F176465225A4E0F0085818C /* ViewController.m */; };
		1F17646B225A4E100085818C /* Assets.xcassets in Resources */ = {isa = PBXBuildFile; fileRef = 1F17646A225A4E100085818C /* Assets.xcassets */; };
		1F17646E225A4E100085818C /* LaunchScreen.storyboard in Resources */ = {isa = PBXBuildFile; fileRef = 1F17646C225A4E100085818C /* LaunchScreen.storyboard */; };
		1F176471225A4E100085818C /* main.m in Sources */ = {isa = PBXBuildFile; fileRef = 1F176470225A4E100085818C /* main.m */; };
		1F3BDE10225A8B8A00A89AA0 /* PlayerRacketView.m in Sources */ = {isa = PBXBuildFile; fileRef = 1F3BDE0F225A8B8A00A89AA0 /* PlayerRacketView.m */; };
		1F47CA6B225A92E1000007EC /* HWSberViewControllerPresenter.m in Sources */ = {isa = PBXBuildFile; fileRef = 1F47CA6A225A92E1000007EC /* HWSberViewControllerPresenter.m */; };
		7E803593225B96080045EDD2 /* Difficulty.m in Sources */ = {isa = PBXBuildFile; fileRef = 7E803592225B96080045EDD2 /* Difficulty.m */; };
		7E803596225CAD6F0045EDD2 /* DependencyInjection.m in Sources */ = {isa = PBXBuildFile; fileRef = 7E803595225CAD6F0045EDD2 /* DependencyInjection.m */; };
		7E8035A1225CDB6C0045EDD2 /* CustomButton.m in Sources */ = {isa = PBXBuildFile; fileRef = 7E8035A0225CDB6C0045EDD2 /* CustomButton.m */; };
/* End PBXBuildFile section */

/* Begin PBXFileReference section */
		1F17645E225A4E0F0085818C /* HWSberPingPong.app */ = {isa = PBXFileReference; explicitFileType = wrapper.application; includeInIndex = 0; path = HWSberPingPong.app; sourceTree = BUILT_PRODUCTS_DIR; };
		1F176461225A4E0F0085818C /* AppDelegate.h */ = {isa = PBXFileReference; lastKnownFileType = sourcecode.c.h; path = AppDelegate.h; sourceTree = "<group>"; };
		1F176462225A4E0F0085818C /* AppDelegate.m */ = {isa = PBXFileReference; lastKnownFileType = sourcecode.c.objc; path = AppDelegate.m; sourceTree = "<group>"; };
		1F176464225A4E0F0085818C /* ViewController.h */ = {isa = PBXFileReference; lastKnownFileType = sourcecode.c.h; path = ViewController.h; sourceTree = "<group>"; };
		1F176465225A4E0F0085818C /* ViewController.m */ = {isa = PBXFileReference; lastKnownFileType = sourcecode.c.objc; path = ViewController.m; sourceTree = "<group>"; };
		1F17646A225A4E100085818C /* Assets.xcassets */ = {isa = PBXFileReference; lastKnownFileType = folder.assetcatalog; path = Assets.xcassets; sourceTree = "<group>"; };
		1F17646D225A4E100085818C /* Base */ = {isa = PBXFileReference; lastKnownFileType = file.storyboard; name = Base; path = Base.lproj/LaunchScreen.storyboard; sourceTree = "<group>"; };
		1F17646F225A4E100085818C /* Info.plist */ = {isa = PBXFileReference; lastKnownFileType = text.plist.xml; path = Info.plist; sourceTree = "<group>"; };
		1F176470225A4E100085818C /* main.m */ = {isa = PBXFileReference; lastKnownFileType = sourcecode.c.objc; path = main.m; sourceTree = "<group>"; };
		1F3BDE0E225A8B8A00A89AA0 /* PlayerRacketView.h */ = {isa = PBXFileReference; lastKnownFileType = sourcecode.c.h; path = PlayerRacketView.h; sourceTree = "<group>"; };
		1F3BDE0F225A8B8A00A89AA0 /* PlayerRacketView.m */ = {isa = PBXFileReference; lastKnownFileType = sourcecode.c.objc; path = PlayerRacketView.m; sourceTree = "<group>"; };
		1F47CA69225A92E1000007EC /* HWSberViewControllerPresenter.h */ = {isa = PBXFileReference; lastKnownFileType = sourcecode.c.h; path = HWSberViewControllerPresenter.h; sourceTree = "<group>"; };
		1F47CA6A225A92E1000007EC /* HWSberViewControllerPresenter.m */ = {isa = PBXFileReference; lastKnownFileType = sourcecode.c.objc; path = HWSberViewControllerPresenter.m; sourceTree = "<group>"; };
		7E803591225B96080045EDD2 /* Difficulty.h */ = {isa = PBXFileReference; lastKnownFileType = sourcecode.c.h; path = Difficulty.h; sourceTree = "<group>"; };
		7E803592225B96080045EDD2 /* Difficulty.m */ = {isa = PBXFileReference; lastKnownFileType = sourcecode.c.objc; path = Difficulty.m; sourceTree = "<group>"; };
		7E803594225CAD6F0045EDD2 /* DependencyInjection.h */ = {isa = PBXFileReference; lastKnownFileType = sourcecode.c.h; path = DependencyInjection.h; sourceTree = "<group>"; };
		7E803595225CAD6F0045EDD2 /* DependencyInjection.m */ = {isa = PBXFileReference; lastKnownFileType = sourcecode.c.objc; path = DependencyInjection.m; sourceTree = "<group>"; };
		7E803597225CADF30045EDD2 /* ViewInput.h */ = {isa = PBXFileReference; lastKnownFileType = sourcecode.c.h; path = ViewInput.h; sourceTree = "<group>"; };
		7E803598225CAE050045EDD2 /* PresenterDelegate.h */ = {isa = PBXFileReference; lastKnownFileType = sourcecode.c.h; path = PresenterDelegate.h; sourceTree = "<group>"; };
		7E80359F225CDB6C0045EDD2 /* CustomButton.h */ = {isa = PBXFileReference; lastKnownFileType = sourcecode.c.h; path = CustomButton.h; sourceTree = "<group>"; };
		7E8035A0225CDB6C0045EDD2 /* CustomButton.m */ = {isa = PBXFileReference; lastKnownFileType = sourcecode.c.objc; path = CustomButton.m; sourceTree = "<group>"; };
/* End PBXFileReference section */

/* Begin PBXFrameworksBuildPhase section */
		1F17645B225A4E0F0085818C /* Frameworks */ = {
			isa = PBXFrameworksBuildPhase;
			buildActionMask = 2147483647;
			files = (
			);
			runOnlyForDeploymentPostprocessing = 0;
		};
/* End PBXFrameworksBuildPhase section */

/* Begin PBXGroup section */
		1F176455225A4E0F0085818C = {
			isa = PBXGroup;
			children = (
				1F176460225A4E0F0085818C /* HWSberPingPong */,
				1F17645F225A4E0F0085818C /* Products */,
			);
			sourceTree = "<group>";
		};
		1F17645F225A4E0F0085818C /* Products */ = {
			isa = PBXGroup;
			children = (
				1F17645E225A4E0F0085818C /* HWSberPingPong.app */,
			);
			name = Products;
			sourceTree = "<group>";
		};
		1F176460225A4E0F0085818C /* HWSberPingPong */ = {
			isa = PBXGroup;
			children = (
				7E80359E225CDB490045EDD2 /* DI */,
				7E80359C225CDB200045EDD2 /* Presenter */,
				7E80359B225CDB160045EDD2 /* View */,
				7E80359A225CDAF80045EDD2 /* Custom Views */,
				7E803599225CDAE50045EDD2 /* protocols */,
				7E803590225B95D60045EDD2 /* Model */,
				1F176461225A4E0F0085818C /* AppDelegate.h */,
				1F176462225A4E0F0085818C /* AppDelegate.m */,
				1F17646A225A4E100085818C /* Assets.xcassets */,
				1F17646C225A4E100085818C /* LaunchScreen.storyboard */,
				1F17646F225A4E100085818C /* Info.plist */,
				1F176470225A4E100085818C /* main.m */,
			);
			path = HWSberPingPong;
			sourceTree = "<group>";
		};
		7E803590225B95D60045EDD2 /* Model */ = {
			isa = PBXGroup;
			children = (
				7E803591225B96080045EDD2 /* Difficulty.h */,
				7E803592225B96080045EDD2 /* Difficulty.m */,
			);
			path = Model;
			sourceTree = "<group>";
		};
		7E803599225CDAE50045EDD2 /* protocols */ = {
			isa = PBXGroup;
			children = (
				7E803597225CADF30045EDD2 /* ViewInput.h */,
				7E803598225CAE050045EDD2 /* PresenterDelegate.h */,
			);
			path = protocols;
			sourceTree = "<group>";
		};
		7E80359A225CDAF80045EDD2 /* Custom Views */ = {
			isa = PBXGroup;
			children = (
				1F3BDE0E225A8B8A00A89AA0 /* PlayerRacketView.h */,
				1F3BDE0F225A8B8A00A89AA0 /* PlayerRacketView.m */,
				7E80359F225CDB6C0045EDD2 /* CustomButton.h */,
				7E8035A0225CDB6C0045EDD2 /* CustomButton.m */,
			);
			path = "Custom Views";
			sourceTree = "<group>";
		};
		7E80359B225CDB160045EDD2 /* View */ = {
			isa = PBXGroup;
			children = (
				1F176464225A4E0F0085818C /* ViewController.h */,
				1F176465225A4E0F0085818C /* ViewController.m */,
			);
			path = View;
			sourceTree = "<group>";
		};
		7E80359C225CDB200045EDD2 /* Presenter */ = {
			isa = PBXGroup;
			children = (
				1F47CA69225A92E1000007EC /* HWSberViewControllerPresenter.h */,
				1F47CA6A225A92E1000007EC /* HWSberViewControllerPresenter.m */,
			);
			path = Presenter;
			sourceTree = "<group>";
		};
		7E80359E225CDB490045EDD2 /* DI */ = {
			isa = PBXGroup;
			children = (
				7E803594225CAD6F0045EDD2 /* DependencyInjection.h */,
				7E803595225CAD6F0045EDD2 /* DependencyInjection.m */,
			);
			path = DI;
			sourceTree = "<group>";
		};
/* End PBXGroup section */

/* Begin PBXNativeTarget section */
		1F17645D225A4E0F0085818C /* HWSberPingPong */ = {
			isa = PBXNativeTarget;
			buildConfigurationList = 1F176474225A4E100085818C /* Build configuration list for PBXNativeTarget "HWSberPingPong" */;
			buildPhases = (
				1F17645A225A4E0F0085818C /* Sources */,
				1F17645B225A4E0F0085818C /* Frameworks */,
				1F17645C225A4E0F0085818C /* Resources */,
			);
			buildRules = (
			);
			dependencies = (
			);
			name = HWSberPingPong;
			productName = HWSberPingPong;
			productReference = 1F17645E225A4E0F0085818C /* HWSberPingPong.app */;
			productType = "com.apple.product-type.application";
		};
/* End PBXNativeTarget section */

/* Begin PBXProject section */
		1F176456225A4E0F0085818C /* Project object */ = {
			isa = PBXProject;
			attributes = {
				LastUpgradeCheck = 1010;
				ORGANIZATIONNAME = "Александр";
				TargetAttributes = {
					1F17645D225A4E0F0085818C = {
						CreatedOnToolsVersion = 10.1;
					};
				};
			};
			buildConfigurationList = 1F176459225A4E0F0085818C /* Build configuration list for PBXProject "HWSberPingPong" */;
			compatibilityVersion = "Xcode 9.3";
			developmentRegion = en;
			hasScannedForEncodings = 0;
			knownRegions = (
				en,
				Base,
			);
			mainGroup = 1F176455225A4E0F0085818C;
			productRefGroup = 1F17645F225A4E0F0085818C /* Products */;
			projectDirPath = "";
			projectRoot = "";
			targets = (
				1F17645D225A4E0F0085818C /* HWSberPingPong */,
			);
		};
/* End PBXProject section */

/* Begin PBXResourcesBuildPhase section */
		1F17645C225A4E0F0085818C /* Resources */ = {
			isa = PBXResourcesBuildPhase;
			buildActionMask = 2147483647;
			files = (
				1F17646E225A4E100085818C /* LaunchScreen.storyboard in Resources */,
				1F17646B225A4E100085818C /* Assets.xcassets in Resources */,
			);
			runOnlyForDeploymentPostprocessing = 0;
		};
/* End PBXResourcesBuildPhase section */

/* Begin PBXSourcesBuildPhase section */
		1F17645A225A4E0F0085818C /* Sources */ = {
			isa = PBXSourcesBuildPhase;
			buildActionMask = 2147483647;
			files = (
				7E8035A1225CDB6C0045EDD2 /* CustomButton.m in Sources */,
				1F47CA6B225A92E1000007EC /* HWSberViewControllerPresenter.m in Sources */,
				1F176466225A4E0F0085818C /* ViewController.m in Sources */,
				1F176471225A4E100085818C /* main.m in Sources */,
				7E803596225CAD6F0045EDD2 /* DependencyInjection.m in Sources */,
				1F176463225A4E0F0085818C /* AppDelegate.m in Sources */,
				7E803593225B96080045EDD2 /* Difficulty.m in Sources */,
				1F3BDE10225A8B8A00A89AA0 /* PlayerRacketView.m in Sources */,
			);
			runOnlyForDeploymentPostprocessing = 0;
		};
/* End PBXSourcesBuildPhase section */

/* Begin PBXVariantGroup section */
		1F17646C225A4E100085818C /* LaunchScreen.storyboard */ = {
			isa = PBXVariantGroup;
			children = (
				1F17646D225A4E100085818C /* Base */,
			);
			name = LaunchScreen.storyboard;
			sourceTree = "<group>";
		};
/* End PBXVariantGroup section */

/* Begin XCBuildConfiguration section */
		1F176472225A4E100085818C /* Debug */ = {
			isa = XCBuildConfiguration;
			buildSettings = {
				ALWAYS_SEARCH_USER_PATHS = NO;
				CLANG_ANALYZER_NONNULL = YES;
				CLANG_ANALYZER_NUMBER_OBJECT_CONVERSION = YES_AGGRESSIVE;
				CLANG_CXX_LANGUAGE_STANDARD = "gnu++14";
				CLANG_CXX_LIBRARY = "libc++";
				CLANG_ENABLE_MODULES = YES;
				CLANG_ENABLE_OBJC_ARC = YES;
				CLANG_ENABLE_OBJC_WEAK = YES;
				CLANG_WARN_BLOCK_CAPTURE_AUTORELEASING = YES;
				CLANG_WARN_BOOL_CONVERSION = YES;
				CLANG_WARN_COMMA = YES;
				CLANG_WARN_CONSTANT_CONVERSION = YES;
				CLANG_WARN_DEPRECATED_OBJC_IMPLEMENTATIONS = YES;
				CLANG_WARN_DIRECT_OBJC_ISA_USAGE = YES_ERROR;
				CLANG_WARN_DOCUMENTATION_COMMENTS = YES;
				CLANG_WARN_EMPTY_BODY = YES;
				CLANG_WARN_ENUM_CONVERSION = YES;
				CLANG_WARN_INFINITE_RECURSION = YES;
				CLANG_WARN_INT_CONVERSION = YES;
				CLANG_WARN_NON_LITERAL_NULL_CONVERSION = YES;
				CLANG_WARN_OBJC_IMPLICIT_RETAIN_SELF = YES;
				CLANG_WARN_OBJC_LITERAL_CONVERSION = YES;
				CLANG_WARN_OBJC_ROOT_CLASS = YES_ERROR;
				CLANG_WARN_RANGE_LOOP_ANALYSIS = YES;
				CLANG_WARN_STRICT_PROTOTYPES = YES;
				CLANG_WARN_SUSPICIOUS_MOVE = YES;
				CLANG_WARN_UNGUARDED_AVAILABILITY = YES_AGGRESSIVE;
				CLANG_WARN_UNREACHABLE_CODE = YES;
				CLANG_WARN__DUPLICATE_METHOD_MATCH = YES;
				CODE_SIGN_IDENTITY = "iPhone Developer";
				COPY_PHASE_STRIP = NO;
				DEBUG_INFORMATION_FORMAT = dwarf;
				ENABLE_STRICT_OBJC_MSGSEND = YES;
				ENABLE_TESTABILITY = YES;
				GCC_C_LANGUAGE_STANDARD = gnu11;
				GCC_DYNAMIC_NO_PIC = NO;
				GCC_NO_COMMON_BLOCKS = YES;
				GCC_OPTIMIZATION_LEVEL = 0;
				GCC_PREPROCESSOR_DEFINITIONS = (
					"DEBUG=1",
					"$(inherited)",
				);
				GCC_WARN_64_TO_32_BIT_CONVERSION = YES;
				GCC_WARN_ABOUT_RETURN_TYPE = YES_ERROR;
				GCC_WARN_UNDECLARED_SELECTOR = YES;
				GCC_WARN_UNINITIALIZED_AUTOS = YES_AGGRESSIVE;
				GCC_WARN_UNUSED_FUNCTION = YES;
				GCC_WARN_UNUSED_VARIABLE = YES;
				IPHONEOS_DEPLOYMENT_TARGET = 12.1;
				MTL_ENABLE_DEBUG_INFO = INCLUDE_SOURCE;
				MTL_FAST_MATH = YES;
				ONLY_ACTIVE_ARCH = YES;
				SDKROOT = iphoneos;
			};
			name = Debug;
		};
		1F176473225A4E100085818C /* Release */ = {
			isa = XCBuildConfiguration;
			buildSettings = {
				ALWAYS_SEARCH_USER_PATHS = NO;
				CLANG_ANALYZER_NONNULL = YES;
				CLANG_ANALYZER_NUMBER_OBJECT_CONVERSION = YES_AGGRESSIVE;
				CLANG_CXX_LANGUAGE_STANDARD = "gnu++14";
				CLANG_CXX_LIBRARY = "libc++";
				CLANG_ENABLE_MODULES = YES;
				CLANG_ENABLE_OBJC_ARC = YES;
				CLANG_ENABLE_OBJC_WEAK = YES;
				CLANG_WARN_BLOCK_CAPTURE_AUTORELEASING = YES;
				CLANG_WARN_BOOL_CONVERSION = YES;
				CLANG_WARN_COMMA = YES;
				CLANG_WARN_CONSTANT_CONVERSION = YES;
				CLANG_WARN_DEPRECATED_OBJC_IMPLEMENTATIONS = YES;
				CLANG_WARN_DIRECT_OBJC_ISA_USAGE = YES_ERROR;
				CLANG_WARN_DOCUMENTATION_COMMENTS = YES;
				CLANG_WARN_EMPTY_BODY = YES;
				CLANG_WARN_ENUM_CONVERSION = YES;
				CLANG_WARN_INFINITE_RECURSION = YES;
				CLANG_WARN_INT_CONVERSION = YES;
				CLANG_WARN_NON_LITERAL_NULL_CONVERSION = YES;
				CLANG_WARN_OBJC_IMPLICIT_RETAIN_SELF = YES;
				CLANG_WARN_OBJC_LITERAL_CONVERSION = YES;
				CLANG_WARN_OBJC_ROOT_CLASS = YES_ERROR;
				CLANG_WARN_RANGE_LOOP_ANALYSIS = YES;
				CLANG_WARN_STRICT_PROTOTYPES = YES;
				CLANG_WARN_SUSPICIOUS_MOVE = YES;
				CLANG_WARN_UNGUARDED_AVAILABILITY = YES_AGGRESSIVE;
				CLANG_WARN_UNREACHABLE_CODE = YES;
				CLANG_WARN__DUPLICATE_METHOD_MATCH = YES;
				CODE_SIGN_IDENTITY = "iPhone Developer";
				COPY_PHASE_STRIP = NO;
				DEBUG_INFORMATION_FORMAT = "dwarf-with-dsym";
				ENABLE_NS_ASSERTIONS = NO;
				ENABLE_STRICT_OBJC_MSGSEND = YES;
				GCC_C_LANGUAGE_STANDARD = gnu11;
				GCC_NO_COMMON_BLOCKS = YES;
				GCC_WARN_64_TO_32_BIT_CONVERSION = YES;
				GCC_WARN_ABOUT_RETURN_TYPE = YES_ERROR;
				GCC_WARN_UNDECLARED_SELECTOR = YES;
				GCC_WARN_UNINITIALIZED_AUTOS = YES_AGGRESSIVE;
				GCC_WARN_UNUSED_FUNCTION = YES;
				GCC_WARN_UNUSED_VARIABLE = YES;
				IPHONEOS_DEPLOYMENT_TARGET = 12.1;
				MTL_ENABLE_DEBUG_INFO = NO;
				MTL_FAST_MATH = YES;
				SDKROOT = iphoneos;
				VALIDATE_PRODUCT = YES;
			};
			name = Release;
		};
		1F176475225A4E100085818C /* Debug */ = {
			isa = XCBuildConfiguration;
			buildSettings = {
				ASSETCATALOG_COMPILER_APPICON_NAME = AppIcon;
				CODE_SIGN_STYLE = Automatic;
				INFOPLIST_FILE = HWSberPingPong/Info.plist;
				LD_RUNPATH_SEARCH_PATHS = (
					"$(inherited)",
					"@executable_path/Frameworks",
				);
				PRODUCT_BUNDLE_IDENTIFIER = Aplana.HWSberPingPong;
				PRODUCT_NAME = "$(TARGET_NAME)";
				TARGETED_DEVICE_FAMILY = "1,2";
			};
			name = Debug;
		};
		1F176476225A4E100085818C /* Release */ = {
			isa = XCBuildConfiguration;
			buildSettings = {
				ASSETCATALOG_COMPILER_APPICON_NAME = AppIcon;
				CODE_SIGN_STYLE = Automatic;
				INFOPLIST_FILE = HWSberPingPong/Info.plist;
				LD_RUNPATH_SEARCH_PATHS = (
					"$(inherited)",
					"@executable_path/Frameworks",
				);
				PRODUCT_BUNDLE_IDENTIFIER = Aplana.HWSberPingPong;
				PRODUCT_NAME = "$(TARGET_NAME)";
				TARGETED_DEVICE_FAMILY = "1,2";
			};
			name = Release;
		};
/* End XCBuildConfiguration section */

/* Begin XCConfigurationList section */
		1F176459225A4E0F0085818C /* Build configuration list for PBXProject "HWSberPingPong" */ = {
			isa = XCConfigurationList;
			buildConfigurations = (
				1F176472225A4E100085818C /* Debug */,
				1F176473225A4E100085818C /* Release */,
			);
			defaultConfigurationIsVisible = 0;
			defaultConfigurationName = Release;
		};
		1F176474225A4E100085818C /* Build configuration list for PBXNativeTarget "HWSberPingPong" */ = {
			isa = XCConfigurationList;
			buildConfigurations = (
				1F176475225A4E100085818C /* Debug */,
				1F176476225A4E100085818C /* Release */,
			);
			defaultConfigurationIsVisible = 0;
			defaultConfigurationName = Release;
		};
/* End XCConfigurationList section */
	};
	rootObject = 1F176456225A4E0F0085818C /* Project object */;
}
